// !$*UTF8*$!
{
	archiveVersion = 1;
	classes = {
	};
	objectVersion = 46;
	objects = {

/* Begin PBXBuildFile section */
		B6A2AE2213D5EC8200B5466F /* UIKit.framework in Frameworks */ = {isa = PBXBuildFile; fileRef = B6A2AE2113D5EC8200B5466F /* UIKit.framework */; };
		B6A2AE2413D5EC8200B5466F /* Foundation.framework in Frameworks */ = {isa = PBXBuildFile; fileRef = B6A2AE2313D5EC8200B5466F /* Foundation.framework */; };
		B6A2AE2613D5EC8200B5466F /* CoreGraphics.framework in Frameworks */ = {isa = PBXBuildFile; fileRef = B6A2AE2513D5EC8200B5466F /* CoreGraphics.framework */; };
		B6A2AE2C13D5EC8200B5466F /* InfoPlist.strings in Resources */ = {isa = PBXBuildFile; fileRef = B6A2AE2A13D5EC8200B5466F /* InfoPlist.strings */; };
		B6A2AE2E13D5EC8200B5466F /* main.m in Sources */ = {isa = PBXBuildFile; fileRef = B6A2AE2D13D5EC8200B5466F /* main.m */; };
		B6A2AE3213D5EC8200B5466F /* RoboBrrdFoodAppDelegate.m in Sources */ = {isa = PBXBuildFile; fileRef = B6A2AE3113D5EC8200B5466F /* RoboBrrdFoodAppDelegate.m */; };
		B6A2AE3413D5EC8200B5466F /* RoboBrrdFoodViewController.h in Resources */ = {isa = PBXBuildFile; fileRef = B6A2AE3313D5EC8200B5466F /* RoboBrrdFoodViewController.h */; };
		B6A2AE3613D5EC8200B5466F /* RoboBrrdFoodViewController.m in Sources */ = {isa = PBXBuildFile; fileRef = B6A2AE3513D5EC8200B5466F /* RoboBrrdFoodViewController.m */; };
		B6A2AE3913D5EC8300B5466F /* RoboBrrdFoodViewController.xib in Resources */ = {isa = PBXBuildFile; fileRef = B6A2AE3713D5EC8300B5466F /* RoboBrrdFoodViewController.xib */; };
/* End PBXBuildFile section */

/* Begin PBXFileReference section */
		B6A2AE1D13D5EC8200B5466F /* RoboBrrdFood.app */ = {isa = PBXFileReference; explicitFileType = wrapper.application; includeInIndex = 0; path = RoboBrrdFood.app; sourceTree = BUILT_PRODUCTS_DIR; };
		B6A2AE2113D5EC8200B5466F /* UIKit.framework */ = {isa = PBXFileReference; lastKnownFileType = wrapper.framework; name = UIKit.framework; path = System/Library/Frameworks/UIKit.framework; sourceTree = SDKROOT; };
		B6A2AE2313D5EC8200B5466F /* Foundation.framework */ = {isa = PBXFileReference; lastKnownFileType = wrapper.framework; name = Foundation.framework; path = System/Library/Frameworks/Foundation.framework; sourceTree = SDKROOT; };
		B6A2AE2513D5EC8200B5466F /* CoreGraphics.framework */ = {isa = PBXFileReference; lastKnownFileType = wrapper.framework; name = CoreGraphics.framework; path = System/Library/Frameworks/CoreGraphics.framework; sourceTree = SDKROOT; };
		B6A2AE2913D5EC8200B5466F /* RoboBrrdFood-Info.plist */ = {isa = PBXFileReference; path = "RoboBrrdFood-Info.plist"; sourceTree = "<group>"; };
		B6A2AE2B13D5EC8200B5466F /* en */ = {isa = PBXFileReference; lastKnownFileType = text.plist.strings; name = en; path = en.lproj/InfoPlist.strings; sourceTree = "<group>"; };
		B6A2AE2D13D5EC8200B5466F /* main.m */ = {isa = PBXFileReference; lastKnownFileType = sourcecode.c.objc; path = main.m; sourceTree = "<group>"; };
		B6A2AE2F13D5EC8200B5466F /* RoboBrrdFood-Prefix.pch */ = {isa = PBXFileReference; path = "RoboBrrdFood-Prefix.pch"; sourceTree = "<group>"; };
		B6A2AE3013D5EC8200B5466F /* RoboBrrdFoodAppDelegate.h */ = {isa = PBXFileReference; path = RoboBrrdFoodAppDelegate.h; sourceTree = "<group>"; };
		B6A2AE3113D5EC8200B5466F /* RoboBrrdFoodAppDelegate.m */ = {isa = PBXFileReference; lastKnownFileType = sourcecode.c.objc; path = RoboBrrdFoodAppDelegate.m; sourceTree = "<group>"; };
		B6A2AE3313D5EC8200B5466F /* RoboBrrdFoodViewController.h */ = {isa = PBXFileReference; lastKnownFileType = sourcecode.c.h; path = RoboBrrdFoodViewController.h; sourceTree = "<group>"; };
		B6A2AE3513D5EC8200B5466F /* RoboBrrdFoodViewController.m */ = {isa = PBXFileReference; lastKnownFileType = sourcecode.c.objc; path = RoboBrrdFoodViewController.m; sourceTree = "<group>"; };
		B6A2AE3813D5EC8300B5466F /* en */ = {isa = PBXFileReference; lastKnownFileType = file.xib; name = en; path = en.lproj/RoboBrrdFoodViewController.xib; sourceTree = "<group>"; };
/* End PBXFileReference section */

/* Begin PBXFrameworksBuildPhase section */
		B6A2AE1A13D5EC8200B5466F /* Frameworks */ = {
			isa = PBXFrameworksBuildPhase;
			buildActionMask = 2147483647;
			files = (
				B6A2AE2213D5EC8200B5466F /* UIKit.framework in Frameworks */,
				B6A2AE2413D5EC8200B5466F /* Foundation.framework in Frameworks */,
				B6A2AE2613D5EC8200B5466F /* CoreGraphics.framework in Frameworks */,
			);
			runOnlyForDeploymentPostprocessing = 0;
		};
/* End PBXFrameworksBuildPhase section */

/* Begin PBXGroup section */
		B6A2AE1213D5EC8200B5466F = {
			isa = PBXGroup;
			children = (
				B6A2AE2713D5EC8200B5466F /* RoboBrrdFood */,
				B6A2AE2013D5EC8200B5466F /* Frameworks */,
				B6A2AE1E13D5EC8200B5466F /* Products */,
			);
			sourceTree = "<group>";
		};
		B6A2AE1E13D5EC8200B5466F /* Products */ = {
			isa = PBXGroup;
			children = (
				B6A2AE1D13D5EC8200B5466F /* RoboBrrdFood.app */,
			);
			name = Products;
			sourceTree = "<group>";
		};
		B6A2AE2013D5EC8200B5466F /* Frameworks */ = {
			isa = PBXGroup;
			children = (
				B6A2AE2113D5EC8200B5466F /* UIKit.framework */,
				B6A2AE2313D5EC8200B5466F /* Foundation.framework */,
				B6A2AE2513D5EC8200B5466F /* CoreGraphics.framework */,
			);
			name = Frameworks;
			sourceTree = "<group>";
		};
		B6A2AE2713D5EC8200B5466F /* RoboBrrdFood */ = {
			isa = PBXGroup;
			children = (
				B6A2AE3013D5EC8200B5466F /* RoboBrrdFoodAppDelegate.h */,
				B6A2AE3113D5EC8200B5466F /* RoboBrrdFoodAppDelegate.m */,
				B6A2AE3313D5EC8200B5466F /* RoboBrrdFoodViewController.h */,
				B6A2AE3513D5EC8200B5466F /* RoboBrrdFoodViewController.m */,
				B6A2AE3713D5EC8300B5466F /* RoboBrrdFoodViewController.xib */,
				B6A2AE2813D5EC8200B5466F /* Supporting Files */,
			);
			path = RoboBrrdFood;
			sourceTree = "<group>";
		};
		B6A2AE2813D5EC8200B5466F /* Supporting Files */ = {
			isa = PBXGroup;
			children = (
				B6A2AE2913D5EC8200B5466F /* RoboBrrdFood-Info.plist */,
				B6A2AE2A13D5EC8200B5466F /* InfoPlist.strings */,
				B6A2AE2D13D5EC8200B5466F /* main.m */,
				B6A2AE2F13D5EC8200B5466F /* RoboBrrdFood-Prefix.pch */,
			);
			name = "Supporting Files";
			sourceTree = "<group>";
		};
/* End PBXGroup section */

/* Begin PBXNativeTarget section */
		B6A2AE1C13D5EC8200B5466F /* RoboBrrdFood */ = {
			isa = PBXNativeTarget;
			buildConfigurationList = B6A2AE3C13D5EC8300B5466F /* Build configuration list for PBXNativeTarget "RoboBrrdFood" */;
			buildPhases = (
				B6A2AE1913D5EC8200B5466F /* Sources */,
				B6A2AE1A13D5EC8200B5466F /* Frameworks */,
				B6A2AE1B13D5EC8200B5466F /* Resources */,
			);
			buildRules = (
			);
			dependencies = (
			);
			name = RoboBrrdFood;
			productName = RoboBrrdFood;
			productReference = B6A2AE1D13D5EC8200B5466F /* RoboBrrdFood.app */;
			productType = "com.apple.product-type.application";
		};
/* End PBXNativeTarget section */

/* Begin PBXProject section */
		B6A2AE1413D5EC8200B5466F /* Project object */ = {
			isa = PBXProject;
			attributes = {
				ORGANIZATIONNAME = robotgrrl.com;
			};
			buildConfigurationList = B6A2AE1713D5EC8200B5466F /* Build configuration list for PBXProject "RoboBrrdFood" */;
			compatibilityVersion = "Xcode 3.2";
			developmentRegion = English;
			hasScannedForEncodings = 0;
			knownRegions = (
				en,
			);
			mainGroup = B6A2AE1213D5EC8200B5466F;
			productRefGroup = B6A2AE1E13D5EC8200B5466F /* Products */;
			projectDirPath = "";
			projectRoot = "";
			targets = (
				B6A2AE1C13D5EC8200B5466F /* RoboBrrdFood */,
			);
		};
/* End PBXProject section */

/* Begin PBXResourcesBuildPhase section */
		B6A2AE1B13D5EC8200B5466F /* Resources */ = {
			isa = PBXResourcesBuildPhase;
			buildActionMask = 2147483647;
			files = (
				B6A2AE2C13D5EC8200B5466F /* InfoPlist.strings in Resources */,
				B6A2AE3413D5EC8200B5466F /* RoboBrrdFoodViewController.h in Resources */,
				B6A2AE3913D5EC8300B5466F /* RoboBrrdFoodViewController.xib in Resources */,
			);
			runOnlyForDeploymentPostprocessing = 0;
		};
/* End PBXResourcesBuildPhase section */

/* Begin PBXSourcesBuildPhase section */
		B6A2AE1913D5EC8200B5466F /* Sources */ = {
			isa = PBXSourcesBuildPhase;
			buildActionMask = 2147483647;
			files = (
				B6A2AE2E13D5EC8200B5466F /* main.m in Sources */,
				B6A2AE3213D5EC8200B5466F /* RoboBrrdFoodAppDelegate.m in Sources */,
				B6A2AE3613D5EC8200B5466F /* RoboBrrdFoodViewController.m in Sources */,
			);
			runOnlyForDeploymentPostprocessing = 0;
		};
/* End PBXSourcesBuildPhase section */

/* Begin PBXVariantGroup section */
		B6A2AE2A13D5EC8200B5466F /* InfoPlist.strings */ = {
			isa = PBXVariantGroup;
			children = (
				B6A2AE2B13D5EC8200B5466F /* en */,
			);
			name = InfoPlist.strings;
			sourceTree = "<group>";
		};
		B6A2AE3713D5EC8300B5466F /* RoboBrrdFoodViewController.xib */ = {
			isa = PBXVariantGroup;
			children = (
				B6A2AE3813D5EC8300B5466F /* en */,
			);
			name = RoboBrrdFoodViewController.xib;
			sourceTree = "<group>";
		};
/* End PBXVariantGroup section */

/* Begin XCBuildConfiguration section */
		B6A2AE3A13D5EC8300B5466F /* Debug */ = {
			isa = XCBuildConfiguration;
			buildSettings = {
				ALWAYS_SEARCH_USER_PATHS = NO;
				ARCHS = "$(ARCHS_STANDARD_32_BIT)";
				CLANG_ENABLE_OBJC_ARC = YES;
				"CODE_SIGN_IDENTITY[sdk=iphoneos*]" = "iPhone Developer";
				COPY_PHASE_STRIP = NO;
				GCC_C_LANGUAGE_STANDARD = gnu99;
				GCC_DYNAMIC_NO_PIC = NO;
				GCC_OPTIMIZATION_LEVEL = 0;
				GCC_PREPROCESSOR_DEFINITIONS = (
					"DEBUG=1",
					"$(inherited)",
				);
				GCC_SYMBOLS_PRIVATE_EXTERN = NO;
				GCC_VERSION = com.apple.compilers.llvm.clang.1_0;
				GCC_WARN_ABOUT_MISSING_PROTOTYPES = YES;
				GCC_WARN_ABOUT_RETURN_TYPE = YES;
				GCC_WARN_UNUSED_VARIABLE = YES;
				IPHONEOS_DEPLOYMENT_TARGET = 5.0;
				SDKROOT = iphoneos;
				TARGETED_DEVICE_FAMILY = 2;
			};
			name = Debug;
		};
		B6A2AE3B13D5EC8300B5466F /* Release */ = {
			isa = XCBuildConfiguration;
			buildSettings = {
				ALWAYS_SEARCH_USER_PATHS = NO;
				ARCHS = "$(ARCHS_STANDARD_32_BIT)";
				CLANG_ENABLE_OBJC_ARC = YES;
				"CODE_SIGN_IDENTITY[sdk=iphoneos*]" = "iPhone Developer";
				COPY_PHASE_STRIP = YES;
				GCC_C_LANGUAGE_STANDARD = gnu99;
				GCC_VERSION = com.apple.compilers.llvm.clang.1_0;
				GCC_WARN_ABOUT_MISSING_PROTOTYPES = YES;
				GCC_WARN_ABOUT_RETURN_TYPE = YES;
				GCC_WARN_UNUSED_VARIABLE = YES;
				IPHONEOS_DEPLOYMENT_TARGET = 5.0;
				OTHER_CFLAGS = "-DNS_BLOCK_ASSERTIONS=1";
				SDKROOT = iphoneos;
				TARGETED_DEVICE_FAMILY = 2;
				VALIDATE_PRODUCT = YES;
			};
			name = Release;
		};
		B6A2AE3D13D5EC8300B5466F /* Debug */ = {
			isa = XCBuildConfiguration;
			buildSettings = {
				GCC_PRECOMPILE_PREFIX_HEADER = YES;
				GCC_PREFIX_HEADER = "RoboBrrdFood/RoboBrrdFood-Prefix.pch";
				INFOPLIST_FILE = "RoboBrrdFood/RoboBrrdFood-Info.plist";
				PRODUCT_NAME = "$(TARGET_NAME)";
				WRAPPER_EXTENSION = app;
			};
			name = Debug;
		};
		B6A2AE3E13D5EC8300B5466F /* Release */ = {
			isa = XCBuildConfiguration;
			buildSettings = {
				GCC_PRECOMPILE_PREFIX_HEADER = YES;
				GCC_PREFIX_HEADER = "RoboBrrdFood/RoboBrrdFood-Prefix.pch";
				INFOPLIST_FILE = "RoboBrrdFood/RoboBrrdFood-Info.plist";
				PRODUCT_NAME = "$(TARGET_NAME)";
				WRAPPER_EXTENSION = app;
			};
			name = Release;
		};
/* End XCBuildConfiguration section */

/* Begin XCConfigurationList section */
		B6A2AE1713D5EC8200B5466F /* Build configuration list for PBXProject "RoboBrrdFood" */ = {
			isa = XCConfigurationList;
			buildConfigurations = (
				B6A2AE3A13D5EC8300B5466F /* Debug */,
				B6A2AE3B13D5EC8300B5466F /* Release */,
			);
			defaultConfigurationIsVisible = 0;
			defaultConfigurationName = Release;
		};
		B6A2AE3C13D5EC8300B5466F /* Build configuration list for PBXNativeTarget "RoboBrrdFood" */ = {
			isa = XCConfigurationList;
			buildConfigurations = (
				B6A2AE3D13D5EC8300B5466F /* Debug */,
				B6A2AE3E13D5EC8300B5466F /* Release */,
			);
			defaultConfigurationIsVisible = 0;
		};
/* End XCConfigurationList section */
	};
	rootObject = B6A2AE1413D5EC8200B5466F /* Project object */;
}
