// !$*UTF8*$!
{
	archiveVersion = 1;
	classes = {
	};
	objectVersion = 46;
	objects = {

/* Begin PBXBuildFile section */
		B6A2AE2213D5EC8200B5466F /* UIKit.framework in Frameworks */ = {isa = PBXBuildFile; fileRef = B6A2AE2113D5EC8200B5466F /* UIKit.framework */; };
		B6A2AE2413D5EC8200B5466F /* Foundation.framework in Frameworks */ = {isa = PBXBuildFile; fileRef = B6A2AE2313D5EC8200B5466F /* Foundation.framework */; };
		B6A2AE2613D5EC8200B5466F /* CoreGraphics.framework in Frameworks */ = {isa = PBXBuildFile; fileRef = B6A2AE2513D5EC8200B5466F /* CoreGraphics.framework */; };
		B6A2AE2C13D5EC8200B5466F /* InfoPlist.strings in Resources */ = {isa = PBXBuildFile; fileRef = B6A2AE2A13D5EC8200B5466F /* InfoPlist.strings */; };
		B6A2AE2E13D5EC8200B5466F /* main.m in Sources */ = {isa = PBXBuildFile; fileRef = B6A2AE2D13D5EC8200B5466F /* main.m */; };
		B6A2AE3213D5EC8200B5466F /* RoboBrrdFoodAppDelegate.m in Sources */ = {isa = PBXBuildFile; fileRef = B6A2AE3113D5EC8200B5466F /* RoboBrrdFoodAppDelegate.m */; };
		B6A2AE3413D5EC8200B5466F /* RoboBrrdFoodViewController.h in Resources */ = {isa = PBXBuildFile; fileRef = B6A2AE3313D5EC8200B5466F /* RoboBrrdFoodViewController.h */; };
		B6A2AE3613D5EC8200B5466F /* RoboBrrdFoodViewController.m in Sources */ = {isa = PBXBuildFile; fileRef = B6A2AE3513D5EC8200B5466F /* RoboBrrdFoodViewController.m */; };
		B6A2AE3913D5EC8300B5466F /* RoboBrrdFoodViewController.xib in Resources */ = {isa = PBXBuildFile; fileRef = B6A2AE3713D5EC8300B5466F /* RoboBrrdFoodViewController.xib */; };
		B6A2AE5213D614E400B5466F /* crunch.wav in Resources */ = {isa = PBXBuildFile; fileRef = B6A2AE5013D614E400B5466F /* crunch.wav */; };
		B6A2AE5313D614E400B5466F /* rustle.wav in Resources */ = {isa = PBXBuildFile; fileRef = B6A2AE5113D614E400B5466F /* rustle.wav */; };
		B6A2AE5513D6154800B5466F /* AudioToolbox.framework in Frameworks */ = {isa = PBXBuildFile; fileRef = B6A2AE5413D6154800B5466F /* AudioToolbox.framework */; };
		B6A2AE5713D6155000B5466F /* ExternalAccessory.framework in Frameworks */ = {isa = PBXBuildFile; fileRef = B6A2AE5613D6154F00B5466F /* ExternalAccessory.framework */; };
		B6A2AE5913D6176500B5466F /* belch.wav in Resources */ = {isa = PBXBuildFile; fileRef = B6A2AE5813D6176500B5466F /* belch.wav */; };
		B6A2AE6013D61A1C00B5466F /* libRscMgrUniv.a in Frameworks */ = {isa = PBXBuildFile; fileRef = B6A2AE5F13D61A1C00B5466F /* libRscMgrUniv.a */; };
		B6E5DAA513D72DEE00ADEE45 /* banana.png in Resources */ = {isa = PBXBuildFile; fileRef = B6E5DA9D13D72DEE00ADEE45 /* banana.png */; };
		B6E5DAA613D72DEE00ADEE45 /* blueberry.png in Resources */ = {isa = PBXBuildFile; fileRef = B6E5DA9E13D72DEE00ADEE45 /* blueberry.png */; };
		B6E5DAA713D72DEE00ADEE45 /* GreenLight.png in Resources */ = {isa = PBXBuildFile; fileRef = B6E5DA9F13D72DEE00ADEE45 /* GreenLight.png */; };
		B6E5DAA813D72DEE00ADEE45 /* raspberry.png in Resources */ = {isa = PBXBuildFile; fileRef = B6E5DAA013D72DEE00ADEE45 /* raspberry.png */; };
		B6E5DAA913D72DEE00ADEE45 /* RedLight.png in Resources */ = {isa = PBXBuildFile; fileRef = B6E5DAA113D72DEE00ADEE45 /* RedLight.png */; };
		B6E5DAAA13D72DEE00ADEE45 /* robobrrd-pic.jpg in Resources */ = {isa = PBXBuildFile; fileRef = B6E5DAA213D72DEE00ADEE45 /* robobrrd-pic.jpg */; };
		B6E5DAAB13D72DEE00ADEE45 /* strawberry.png in Resources */ = {isa = PBXBuildFile; fileRef = B6E5DAA313D72DEE00ADEE45 /* strawberry.png */; };
		B6E5DAAC13D72DEE00ADEE45 /* watermelon.png in Resources */ = {isa = PBXBuildFile; fileRef = B6E5DAA413D72DEE00ADEE45 /* watermelon.png */; };
/* End PBXBuildFile section */

/* Begin PBXFileReference section */
		B6A2AE1D13D5EC8200B5466F /* RoboBrrdFood.app */ = {isa = PBXFileReference; explicitFileType = wrapper.application; includeInIndex = 0; path = RoboBrrdFood.app; sourceTree = BUILT_PRODUCTS_DIR; };
		B6A2AE2113D5EC8200B5466F /* UIKit.framework */ = {isa = PBXFileReference; lastKnownFileType = wrapper.framework; name = UIKit.framework; path = System/Library/Frameworks/UIKit.framework; sourceTree = SDKROOT; };
		B6A2AE2313D5EC8200B5466F /* Foundation.framework */ = {isa = PBXFileReference; lastKnownFileType = wrapper.framework; name = Foundation.framework; path = System/Library/Frameworks/Foundation.framework; sourceTree = SDKROOT; };
		B6A2AE2513D5EC8200B5466F /* CoreGraphics.framework */ = {isa = PBXFileReference; lastKnownFileType = wrapper.framework; name = CoreGraphics.framework; path = System/Library/Frameworks/CoreGraphics.framework; sourceTree = SDKROOT; };
		B6A2AE2913D5EC8200B5466F /* RoboBrrdFood-Info.plist */ = {isa = PBXFileReference; lastKnownFileType = text.plist.xml; path = "RoboBrrdFood-Info.plist"; sourceTree = "<group>"; };
		B6A2AE2B13D5EC8200B5466F /* en */ = {isa = PBXFileReference; lastKnownFileType = text.plist.strings; name = en; path = en.lproj/InfoPlist.strings; sourceTree = "<group>"; };
		B6A2AE2D13D5EC8200B5466F /* main.m */ = {isa = PBXFileReference; lastKnownFileType = sourcecode.c.objc; path = main.m; sourceTree = "<group>"; };
		B6A2AE2F13D5EC8200B5466F /* RoboBrrdFood-Prefix.pch */ = {isa = PBXFileReference; lastKnownFileType = sourcecode.c.h; path = "RoboBrrdFood-Prefix.pch"; sourceTree = "<group>"; };
		B6A2AE3013D5EC8200B5466F /* RoboBrrdFoodAppDelegate.h */ = {isa = PBXFileReference; lastKnownFileType = sourcecode.c.h; path = RoboBrrdFoodAppDelegate.h; sourceTree = "<group>"; };
		B6A2AE3113D5EC8200B5466F /* RoboBrrdFoodAppDelegate.m */ = {isa = PBXFileReference; lastKnownFileType = sourcecode.c.objc; path = RoboBrrdFoodAppDelegate.m; sourceTree = "<group>"; };
		B6A2AE3313D5EC8200B5466F /* RoboBrrdFoodViewController.h */ = {isa = PBXFileReference; lastKnownFileType = sourcecode.c.h; path = RoboBrrdFoodViewController.h; sourceTree = "<group>"; };
		B6A2AE3513D5EC8200B5466F /* RoboBrrdFoodViewController.m */ = {isa = PBXFileReference; lastKnownFileType = sourcecode.c.objc; path = RoboBrrdFoodViewController.m; sourceTree = "<group>"; };
		B6A2AE3813D5EC8300B5466F /* en */ = {isa = PBXFileReference; lastKnownFileType = file.xib; name = en; path = en.lproj/RoboBrrdFoodViewController.xib; sourceTree = "<group>"; };
		B6A2AE5013D614E400B5466F /* crunch.wav */ = {isa = PBXFileReference; lastKnownFileType = audio.wav; path = crunch.wav; sourceTree = "<group>"; };
		B6A2AE5113D614E400B5466F /* rustle.wav */ = {isa = PBXFileReference; lastKnownFileType = audio.wav; path = rustle.wav; sourceTree = "<group>"; };
		B6A2AE5413D6154800B5466F /* AudioToolbox.framework */ = {isa = PBXFileReference; lastKnownFileType = wrapper.framework; name = AudioToolbox.framework; path = System/Library/Frameworks/AudioToolbox.framework; sourceTree = SDKROOT; };
		B6A2AE5613D6154F00B5466F /* ExternalAccessory.framework */ = {isa = PBXFileReference; lastKnownFileType = wrapper.framework; name = ExternalAccessory.framework; path = System/Library/Frameworks/ExternalAccessory.framework; sourceTree = SDKROOT; };
		B6A2AE5813D6176500B5466F /* belch.wav */ = {isa = PBXFileReference; lastKnownFileType = audio.wav; name = belch.wav; path = ../../../Desktop/belch.wav; sourceTree = "<group>"; };
		B6A2AE5C13D61A1C00B5466F /* redparkSerial.h */ = {isa = PBXFileReference; fileEncoding = 4; lastKnownFileType = sourcecode.c.h; path = redparkSerial.h; sourceTree = "<group>"; };
		B6A2AE5D13D61A1C00B5466F /* RscMgr.h */ = {isa = PBXFileReference; fileEncoding = 4; lastKnownFileType = sourcecode.c.h; path = RscMgr.h; sourceTree = "<group>"; };
		B6A2AE5F13D61A1C00B5466F /* libRscMgrUniv.a */ = {isa = PBXFileReference; lastKnownFileType = archive.ar; path = libRscMgrUniv.a; sourceTree = "<group>"; };
		B6E5DA9D13D72DEE00ADEE45 /* banana.png */ = {isa = PBXFileReference; lastKnownFileType = image.png; path = banana.png; sourceTree = "<group>"; };
		B6E5DA9E13D72DEE00ADEE45 /* blueberry.png */ = {isa = PBXFileReference; lastKnownFileType = image.png; path = blueberry.png; sourceTree = "<group>"; };
		B6E5DA9F13D72DEE00ADEE45 /* GreenLight.png */ = {isa = PBXFileReference; lastKnownFileType = image.png; path = GreenLight.png; sourceTree = "<group>"; };
		B6E5DAA013D72DEE00ADEE45 /* raspberry.png */ = {isa = PBXFileReference; lastKnownFileType = image.png; path = raspberry.png; sourceTree = "<group>"; };
		B6E5DAA113D72DEE00ADEE45 /* RedLight.png */ = {isa = PBXFileReference; lastKnownFileType = image.png; path = RedLight.png; sourceTree = "<group>"; };
		B6E5DAA213D72DEE00ADEE45 /* robobrrd-pic.jpg */ = {isa = PBXFileReference; lastKnownFileType = image.jpeg; path = "robobrrd-pic.jpg"; sourceTree = "<group>"; };
		B6E5DAA313D72DEE00ADEE45 /* strawberry.png */ = {isa = PBXFileReference; lastKnownFileType = image.png; path = strawberry.png; sourceTree = "<group>"; };
		B6E5DAA413D72DEE00ADEE45 /* watermelon.png */ = {isa = PBXFileReference; lastKnownFileType = image.png; path = watermelon.png; sourceTree = "<group>"; };
/* End PBXFileReference section */

/* Begin PBXFrameworksBuildPhase section */
		B6A2AE1A13D5EC8200B5466F /* Frameworks */ = {
			isa = PBXFrameworksBuildPhase;
			buildActionMask = 2147483647;
			files = (
				B6A2AE5713D6155000B5466F /* ExternalAccessory.framework in Frameworks */,
				B6A2AE5513D6154800B5466F /* AudioToolbox.framework in Frameworks */,
				B6A2AE2213D5EC8200B5466F /* UIKit.framework in Frameworks */,
				B6A2AE2413D5EC8200B5466F /* Foundation.framework in Frameworks */,
				B6A2AE2613D5EC8200B5466F /* CoreGraphics.framework in Frameworks */,
				B6A2AE6013D61A1C00B5466F /* libRscMgrUniv.a in Frameworks */,
			);
			runOnlyForDeploymentPostprocessing = 0;
		};
/* End PBXFrameworksBuildPhase section */

/* Begin PBXGroup section */
		B6A2AE1213D5EC8200B5466F = {
			isa = PBXGroup;
			children = (
				B6A2AE5A13D61A1C00B5466F /* Redpark SDK */,
				B6A2AE5613D6154F00B5466F /* ExternalAccessory.framework */,
				B6A2AE5413D6154800B5466F /* AudioToolbox.framework */,
				B6A2AE2713D5EC8200B5466F /* RoboBrrdFood */,
				B6A2AE2013D5EC8200B5466F /* Frameworks */,
				B6A2AE1E13D5EC8200B5466F /* Products */,
			);
			sourceTree = "<group>";
		};
		B6A2AE1E13D5EC8200B5466F /* Products */ = {
			isa = PBXGroup;
			children = (
				B6A2AE1D13D5EC8200B5466F /* RoboBrrdFood.app */,
			);
			name = Products;
			sourceTree = "<group>";
		};
		B6A2AE2013D5EC8200B5466F /* Frameworks */ = {
			isa = PBXGroup;
			children = (
				B6A2AE2113D5EC8200B5466F /* UIKit.framework */,
				B6A2AE2313D5EC8200B5466F /* Foundation.framework */,
				B6A2AE2513D5EC8200B5466F /* CoreGraphics.framework */,
			);
			name = Frameworks;
			sourceTree = "<group>";
		};
		B6A2AE2713D5EC8200B5466F /* RoboBrrdFood */ = {
			isa = PBXGroup;
			children = (
				B6A2AE4F13D614E400B5466F /* sounds */,
				B6A2AE3013D5EC8200B5466F /* RoboBrrdFoodAppDelegate.h */,
				B6A2AE3113D5EC8200B5466F /* RoboBrrdFoodAppDelegate.m */,
				B6A2AE3313D5EC8200B5466F /* RoboBrrdFoodViewController.h */,
				B6A2AE3513D5EC8200B5466F /* RoboBrrdFoodViewController.m */,
				B6A2AE3713D5EC8300B5466F /* RoboBrrdFoodViewController.xib */,
				B6A2AE3F13D5FAF200B5466F /* images */,
				B6A2AE2813D5EC8200B5466F /* Supporting Files */,
			);
			path = RoboBrrdFood;
			sourceTree = "<group>";
		};
		B6A2AE2813D5EC8200B5466F /* Supporting Files */ = {
			isa = PBXGroup;
			children = (
				B6A2AE2913D5EC8200B5466F /* RoboBrrdFood-Info.plist */,
				B6A2AE2A13D5EC8200B5466F /* InfoPlist.strings */,
				B6A2AE2D13D5EC8200B5466F /* main.m */,
				B6A2AE2F13D5EC8200B5466F /* RoboBrrdFood-Prefix.pch */,
			);
			name = "Supporting Files";
			sourceTree = "<group>";
		};
		B6A2AE3F13D5FAF200B5466F /* images */ = {
			isa = PBXGroup;
			children = (
				B6E5DA9D13D72DEE00ADEE45 /* banana.png */,
				B6E5DA9E13D72DEE00ADEE45 /* blueberry.png */,
				B6E5DA9F13D72DEE00ADEE45 /* GreenLight.png */,
				B6E5DAA013D72DEE00ADEE45 /* raspberry.png */,
				B6E5DAA113D72DEE00ADEE45 /* RedLight.png */,
				B6E5DAA213D72DEE00ADEE45 /* robobrrd-pic.jpg */,
				B6E5DAA313D72DEE00ADEE45 /* strawberry.png */,
				B6E5DAA413D72DEE00ADEE45 /* watermelon.png */,
			);
			path = images;
			sourceTree = SOURCE_ROOT;
		};
		B6A2AE4F13D614E400B5466F /* sounds */ = {
			isa = PBXGroup;
			children = (
				B6A2AE5013D614E400B5466F /* crunch.wav */,
				B6A2AE5813D6176500B5466F /* belch.wav */,
				B6A2AE5113D614E400B5466F /* rustle.wav */,
			);
			path = sounds;
			sourceTree = SOURCE_ROOT;
		};
		B6A2AE5A13D61A1C00B5466F /* Redpark SDK */ = {
			isa = PBXGroup;
			children = (
				B6A2AE5B13D61A1C00B5466F /* inc */,
				B6A2AE5E13D61A1C00B5466F /* lib */,
			);
			path = "Redpark SDK";
			sourceTree = "<group>";
		};
		B6A2AE5B13D61A1C00B5466F /* inc */ = {
			isa = PBXGroup;
			children = (
				B6A2AE5C13D61A1C00B5466F /* redparkSerial.h */,
				B6A2AE5D13D61A1C00B5466F /* RscMgr.h */,
			);
			path = inc;
			sourceTree = "<group>";
		};
		B6A2AE5E13D61A1C00B5466F /* lib */ = {
			isa = PBXGroup;
			children = (
				B6A2AE5F13D61A1C00B5466F /* libRscMgrUniv.a */,
			);
			path = lib;
			sourceTree = "<group>";
		};
/* End PBXGroup section */

/* Begin PBXNativeTarget section */
		B6A2AE1C13D5EC8200B5466F /* RoboBrrdFood */ = {
			isa = PBXNativeTarget;
			buildConfigurationList = B6A2AE3C13D5EC8300B5466F /* Build configuration list for PBXNativeTarget "RoboBrrdFood" */;
			buildPhases = (
				B6A2AE1913D5EC8200B5466F /* Sources */,
				B6A2AE1A13D5EC8200B5466F /* Frameworks */,
				B6A2AE1B13D5EC8200B5466F /* Resources */,
			);
			buildRules = (
			);
			dependencies = (
			);
			name = RoboBrrdFood;
			productName = RoboBrrdFood;
			productReference = B6A2AE1D13D5EC8200B5466F /* RoboBrrdFood.app */;
			productType = "com.apple.product-type.application";
		};
/* End PBXNativeTarget section */

/* Begin PBXProject section */
		B6A2AE1413D5EC8200B5466F /* Project object */ = {
			isa = PBXProject;
			attributes = {
				ORGANIZATIONNAME = robotgrrl.com;
			};
			buildConfigurationList = B6A2AE1713D5EC8200B5466F /* Build configuration list for PBXProject "RoboBrrdFood" */;
			compatibilityVersion = "Xcode 3.2";
			developmentRegion = English;
			hasScannedForEncodings = 0;
			knownRegions = (
				en,
			);
			mainGroup = B6A2AE1213D5EC8200B5466F;
			productRefGroup = B6A2AE1E13D5EC8200B5466F /* Products */;
			projectDirPath = "";
			projectRoot = "";
			targets = (
				B6A2AE1C13D5EC8200B5466F /* RoboBrrdFood */,
			);
		};
/* End PBXProject section */

/* Begin PBXResourcesBuildPhase section */
		B6A2AE1B13D5EC8200B5466F /* Resources */ = {
			isa = PBXResourcesBuildPhase;
			buildActionMask = 2147483647;
			files = (
				B6A2AE2C13D5EC8200B5466F /* InfoPlist.strings in Resources */,
				B6A2AE3413D5EC8200B5466F /* RoboBrrdFoodViewController.h in Resources */,
				B6A2AE3913D5EC8300B5466F /* RoboBrrdFoodViewController.xib in Resources */,
				B6A2AE5213D614E400B5466F /* crunch.wav in Resources */,
				B6A2AE5313D614E400B5466F /* rustle.wav in Resources */,
				B6A2AE5913D6176500B5466F /* belch.wav in Resources */,
				B6E5DAA513D72DEE00ADEE45 /* banana.png in Resources */,
				B6E5DAA613D72DEE00ADEE45 /* blueberry.png in Resources */,
				B6E5DAA713D72DEE00ADEE45 /* GreenLight.png in Resources */,
				B6E5DAA813D72DEE00ADEE45 /* raspberry.png in Resources */,
				B6E5DAA913D72DEE00ADEE45 /* RedLight.png in Resources */,
				B6E5DAAA13D72DEE00ADEE45 /* robobrrd-pic.jpg in Resources */,
				B6E5DAAB13D72DEE00ADEE45 /* strawberry.png in Resources */,
				B6E5DAAC13D72DEE00ADEE45 /* watermelon.png in Resources */,
			);
			runOnlyForDeploymentPostprocessing = 0;
		};
/* End PBXResourcesBuildPhase section */

/* Begin PBXSourcesBuildPhase section */
		B6A2AE1913D5EC8200B5466F /* Sources */ = {
			isa = PBXSourcesBuildPhase;
			buildActionMask = 2147483647;
			files = (
				B6A2AE2E13D5EC8200B5466F /* main.m in Sources */,
				B6A2AE3213D5EC8200B5466F /* RoboBrrdFoodAppDelegate.m in Sources */,
				B6A2AE3613D5EC8200B5466F /* RoboBrrdFoodViewController.m in Sources */,
			);
			runOnlyForDeploymentPostprocessing = 0;
		};
/* End PBXSourcesBuildPhase section */

/* Begin PBXVariantGroup section */
		B6A2AE2A13D5EC8200B5466F /* InfoPlist.strings */ = {
			isa = PBXVariantGroup;
			children = (
				B6A2AE2B13D5EC8200B5466F /* en */,
			);
			name = InfoPlist.strings;
			sourceTree = "<group>";
		};
		B6A2AE3713D5EC8300B5466F /* RoboBrrdFoodViewController.xib */ = {
			isa = PBXVariantGroup;
			children = (
				B6A2AE3813D5EC8300B5466F /* en */,
			);
			name = RoboBrrdFoodViewController.xib;
			sourceTree = "<group>";
		};
/* End PBXVariantGroup section */

/* Begin XCBuildConfiguration section */
		B6A2AE3A13D5EC8300B5466F /* Debug */ = {
			isa = XCBuildConfiguration;
			buildSettings = {
				ALWAYS_SEARCH_USER_PATHS = NO;
				ARCHS = "$(ARCHS_STANDARD_32_BIT)";
				CLANG_ENABLE_OBJC_ARC = YES;
				"CODE_SIGN_IDENTITY[sdk=iphoneos*]" = "iPhone Developer";
				COPY_PHASE_STRIP = NO;
				GCC_C_LANGUAGE_STANDARD = gnu99;
				GCC_DYNAMIC_NO_PIC = NO;
				GCC_OPTIMIZATION_LEVEL = 0;
				GCC_PREPROCESSOR_DEFINITIONS = (
					"DEBUG=1",
					"$(inherited)",
				);
				GCC_SYMBOLS_PRIVATE_EXTERN = NO;
				GCC_VERSION = com.apple.compilers.llvm.clang.1_0;
				GCC_WARN_ABOUT_MISSING_PROTOTYPES = YES;
				GCC_WARN_ABOUT_RETURN_TYPE = YES;
				GCC_WARN_UNUSED_VARIABLE = YES;
				IPHONEOS_DEPLOYMENT_TARGET = 5.0;
				SDKROOT = iphoneos;
				TARGETED_DEVICE_FAMILY = 2;
			};
			name = Debug;
		};
		B6A2AE3B13D5EC8300B5466F /* Release */ = {
			isa = XCBuildConfiguration;
			buildSettings = {
				ALWAYS_SEARCH_USER_PATHS = NO;
				ARCHS = "$(ARCHS_STANDARD_32_BIT)";
				CLANG_ENABLE_OBJC_ARC = YES;
				"CODE_SIGN_IDENTITY[sdk=iphoneos*]" = "iPhone Developer";
				COPY_PHASE_STRIP = YES;
				GCC_C_LANGUAGE_STANDARD = gnu99;
				GCC_VERSION = com.apple.compilers.llvm.clang.1_0;
				GCC_WARN_ABOUT_MISSING_PROTOTYPES = YES;
				GCC_WARN_ABOUT_RETURN_TYPE = YES;
				GCC_WARN_UNUSED_VARIABLE = YES;
				IPHONEOS_DEPLOYMENT_TARGET = 5.0;
				OTHER_CFLAGS = "-DNS_BLOCK_ASSERTIONS=1";
				SDKROOT = iphoneos;
				TARGETED_DEVICE_FAMILY = 2;
				VALIDATE_PRODUCT = YES;
			};
			name = Release;
		};
		B6A2AE3D13D5EC8300B5466F /* Debug */ = {
			isa = XCBuildConfiguration;
			buildSettings = {
				GCC_PRECOMPILE_PREFIX_HEADER = YES;
				GCC_PREFIX_HEADER = "RoboBrrdFood/RoboBrrdFood-Prefix.pch";
				INFOPLIST_FILE = "RoboBrrdFood/RoboBrrdFood-Info.plist";
				LIBRARY_SEARCH_PATHS = (
					"$(inherited)",
					"\"$(SRCROOT)/Redpark SDK/lib\"",
				);
				PRODUCT_NAME = "$(TARGET_NAME)";
				WRAPPER_EXTENSION = app;
			};
			name = Debug;
		};
		B6A2AE3E13D5EC8300B5466F /* Release */ = {
			isa = XCBuildConfiguration;
			buildSettings = {
				GCC_PRECOMPILE_PREFIX_HEADER = YES;
				GCC_PREFIX_HEADER = "RoboBrrdFood/RoboBrrdFood-Prefix.pch";
				INFOPLIST_FILE = "RoboBrrdFood/RoboBrrdFood-Info.plist";
				LIBRARY_SEARCH_PATHS = (
					"$(inherited)",
					"\"$(SRCROOT)/Redpark SDK/lib\"",
				);
				PRODUCT_NAME = "$(TARGET_NAME)";
				WRAPPER_EXTENSION = app;
			};
			name = Release;
		};
/* End XCBuildConfiguration section */

/* Begin XCConfigurationList section */
		B6A2AE1713D5EC8200B5466F /* Build configuration list for PBXProject "RoboBrrdFood" */ = {
			isa = XCConfigurationList;
			buildConfigurations = (
				B6A2AE3A13D5EC8300B5466F /* Debug */,
				B6A2AE3B13D5EC8300B5466F /* Release */,
			);
			defaultConfigurationIsVisible = 0;
			defaultConfigurationName = Release;
		};
		B6A2AE3C13D5EC8300B5466F /* Build configuration list for PBXNativeTarget "RoboBrrdFood" */ = {
			isa = XCConfigurationList;
			buildConfigurations = (
				B6A2AE3D13D5EC8300B5466F /* Debug */,
				B6A2AE3E13D5EC8300B5466F /* Release */,
			);
			defaultConfigurationIsVisible = 0;
			defaultConfigurationName = Release;
		};
/* End XCConfigurationList section */
	};
	rootObject = B6A2AE1413D5EC8200B5466F /* Project object */;
}
